PODS:
  - Apollo (0.9.4):
    - Apollo/Core (= 0.9.4)
  - Apollo/Core (0.9.4)
  - Result (4.0.0)

DEPENDENCIES:
  - Apollo
  - Result

SPEC REPOS:
  https://github.com/cocoapods/specs.git:
    - Apollo
    - Result

SPEC CHECKSUMS:
  Apollo: 450856adbdebcdf28c3c671f81732ac3f9944065
  Result: 7645bb3f50c2ce726dd0ff2fa7b6f42bbe6c3713

PODFILE CHECKSUM: c87d2d37aa3490c26c378afcbe7231524a54f989

COCOAPODS: 1.5.3
