// !$*UTF8*$!
{
	archiveVersion = 1;
	classes = {
	};
	objectVersion = 50;
	objects = {

/* Begin PBXBuildFile section */
		7A413E959A64487EDB0D077C /* Pods_ApolloUnitTestingDemo.framework in Frameworks */ = {isa = PBXBuildFile; fileRef = 054CC167CA1CF6CFF1F1E161 /* Pods_ApolloUnitTestingDemo.framework */; };
		B023FCB421BCE9FC0085472C /* AppDelegate.swift in Sources */ = {isa = PBXBuildFile; fileRef = B023FCB321BCE9FC0085472C /* AppDelegate.swift */; };
		B023FCB621BCE9FC0085472C /* ViewController.swift in Sources */ = {isa = PBXBuildFile; fileRef = B023FCB521BCE9FC0085472C /* ViewController.swift */; };
		B023FCBB21BCE9FE0085472C /* Assets.xcassets in Resources */ = {isa = PBXBuildFile; fileRef = B023FCBA21BCE9FE0085472C /* Assets.xcassets */; };
		B023FCBE21BCE9FE0085472C /* LaunchScreen.storyboard in Resources */ = {isa = PBXBuildFile; fileRef = B023FCBC21BCE9FE0085472C /* LaunchScreen.storyboard */; };
		B023FCC921BCE9FF0085472C /* ApolloUnitTestingDemoTests.swift in Sources */ = {isa = PBXBuildFile; fileRef = B023FCC821BCE9FF0085472C /* ApolloUnitTestingDemoTests.swift */; };
		B023FCD421BCE9FF0085472C /* ApolloUnitTestingDemoUITests.swift in Sources */ = {isa = PBXBuildFile; fileRef = B023FCD321BCE9FF0085472C /* ApolloUnitTestingDemoUITests.swift */; };
		B048384F21BE34F300437896 /* WorldAPI.framework in Frameworks */ = {isa = PBXBuildFile; fileRef = B048384E21BE34F300437896 /* WorldAPI.framework */; };
		B0FDA4EF21BD872800AF1720 /* WorldStore.swift in Sources */ = {isa = PBXBuildFile; fileRef = B0FDA4EE21BD872800AF1720 /* WorldStore.swift */; };
		B0FDA4F821BE216000AF1720 /* InMemoryNormalizedCache.swift in Sources */ = {isa = PBXBuildFile; fileRef = B0FDA4F721BE216000AF1720 /* InMemoryNormalizedCache.swift */; };
		B0FDA4FA21BE217200AF1720 /* InMemoryTestCacheProvider.swift in Sources */ = {isa = PBXBuildFile; fileRef = B0FDA4F921BE217200AF1720 /* InMemoryTestCacheProvider.swift */; };
		B0FDA4FC21BE218A00AF1720 /* MockNetworkTransport.swift in Sources */ = {isa = PBXBuildFile; fileRef = B0FDA4FB21BE218A00AF1720 /* MockNetworkTransport.swift */; };
		B0FDA4FE21BE232500AF1720 /* MockGraphQLQuery.swift in Sources */ = {isa = PBXBuildFile; fileRef = B0FDA4FD21BE232500AF1720 /* MockGraphQLQuery.swift */; };
		D3C78E06EDE07B8EA1E111BB /* Pods_ApolloUnitTestingDemoTests.framework in Frameworks */ = {isa = PBXBuildFile; fileRef = 95C0249891DF1835CDAC2540 /* Pods_ApolloUnitTestingDemoTests.framework */; };
		D47C8B1C2E474FA86C8DBEAE /* Pods_ApolloUnitTestingDemoUITests.framework in Frameworks */ = {isa = PBXBuildFile; fileRef = 44F70418776BF90418BD687E /* Pods_ApolloUnitTestingDemoUITests.framework */; };
/* End PBXBuildFile section */

/* Begin PBXContainerItemProxy section */
		B023FCC521BCE9FF0085472C /* PBXContainerItemProxy */ = {
			isa = PBXContainerItemProxy;
			containerPortal = B023FCA821BCE9FC0085472C /* Project object */;
			proxyType = 1;
			remoteGlobalIDString = B023FCAF21BCE9FC0085472C;
			remoteInfo = ApolloUnitTestingDemo;
		};
		B023FCD021BCE9FF0085472C /* PBXContainerItemProxy */ = {
			isa = PBXContainerItemProxy;
			containerPortal = B023FCA821BCE9FC0085472C /* Project object */;
			proxyType = 1;
			remoteGlobalIDString = B023FCAF21BCE9FC0085472C;
			remoteInfo = ApolloUnitTestingDemo;
		};
/* End PBXContainerItemProxy section */

/* Begin PBXFileReference section */
		054CC167CA1CF6CFF1F1E161 /* Pods_ApolloUnitTestingDemo.framework */ = {isa = PBXFileReference; explicitFileType = wrapper.framework; includeInIndex = 0; path = Pods_ApolloUnitTestingDemo.framework; sourceTree = BUILT_PRODUCTS_DIR; };
		44F70418776BF90418BD687E /* Pods_ApolloUnitTestingDemoUITests.framework */ = {isa = PBXFileReference; explicitFileType = wrapper.framework; includeInIndex = 0; path = Pods_ApolloUnitTestingDemoUITests.framework; sourceTree = BUILT_PRODUCTS_DIR; };
		91B413B15FAE151732E21D4D /* Pods-ApolloUnitTestingDemo.release.xcconfig */ = {isa = PBXFileReference; includeInIndex = 1; lastKnownFileType = text.xcconfig; name = "Pods-ApolloUnitTestingDemo.release.xcconfig"; path = "Pods/Target Support Files/Pods-ApolloUnitTestingDemo/Pods-ApolloUnitTestingDemo.release.xcconfig"; sourceTree = "<group>"; };
		95C0249891DF1835CDAC2540 /* Pods_ApolloUnitTestingDemoTests.framework */ = {isa = PBXFileReference; explicitFileType = wrapper.framework; includeInIndex = 0; path = Pods_ApolloUnitTestingDemoTests.framework; sourceTree = BUILT_PRODUCTS_DIR; };
		B023FCB021BCE9FC0085472C /* ApolloUnitTestingDemo.app */ = {isa = PBXFileReference; explicitFileType = wrapper.application; includeInIndex = 0; path = ApolloUnitTestingDemo.app; sourceTree = BUILT_PRODUCTS_DIR; };
		B023FCB321BCE9FC0085472C /* AppDelegate.swift */ = {isa = PBXFileReference; lastKnownFileType = sourcecode.swift; path = AppDelegate.swift; sourceTree = "<group>"; };
		B023FCB521BCE9FC0085472C /* ViewController.swift */ = {isa = PBXFileReference; lastKnownFileType = sourcecode.swift; path = ViewController.swift; sourceTree = "<group>"; };
		B023FCBA21BCE9FE0085472C /* Assets.xcassets */ = {isa = PBXFileReference; lastKnownFileType = folder.assetcatalog; path = Assets.xcassets; sourceTree = "<group>"; };
		B023FCBD21BCE9FE0085472C /* Base */ = {isa = PBXFileReference; lastKnownFileType = file.storyboard; name = Base; path = Base.lproj/LaunchScreen.storyboard; sourceTree = "<group>"; };
		B023FCBF21BCE9FE0085472C /* Info.plist */ = {isa = PBXFileReference; lastKnownFileType = text.plist.xml; path = Info.plist; sourceTree = "<group>"; };
		B023FCC421BCE9FF0085472C /* ApolloUnitTestingDemoTests.xctest */ = {isa = PBXFileReference; explicitFileType = wrapper.cfbundle; includeInIndex = 0; path = ApolloUnitTestingDemoTests.xctest; sourceTree = BUILT_PRODUCTS_DIR; };
		B023FCC821BCE9FF0085472C /* ApolloUnitTestingDemoTests.swift */ = {isa = PBXFileReference; lastKnownFileType = sourcecode.swift; path = ApolloUnitTestingDemoTests.swift; sourceTree = "<group>"; };
		B023FCCA21BCE9FF0085472C /* Info.plist */ = {isa = PBXFileReference; lastKnownFileType = text.plist.xml; path = Info.plist; sourceTree = "<group>"; };
		B023FCCF21BCE9FF0085472C /* ApolloUnitTestingDemoUITests.xctest */ = {isa = PBXFileReference; explicitFileType = wrapper.cfbundle; includeInIndex = 0; path = ApolloUnitTestingDemoUITests.xctest; sourceTree = BUILT_PRODUCTS_DIR; };
		B023FCD321BCE9FF0085472C /* ApolloUnitTestingDemoUITests.swift */ = {isa = PBXFileReference; lastKnownFileType = sourcecode.swift; path = ApolloUnitTestingDemoUITests.swift; sourceTree = "<group>"; };
		B023FCD521BCE9FF0085472C /* Info.plist */ = {isa = PBXFileReference; lastKnownFileType = text.plist.xml; path = Info.plist; sourceTree = "<group>"; };
		B048384E21BE34F300437896 /* WorldAPI.framework */ = {isa = PBXFileReference; explicitFileType = wrapper.framework; path = WorldAPI.framework; sourceTree = BUILT_PRODUCTS_DIR; };
		B0FDA4EE21BD872800AF1720 /* WorldStore.swift */ = {isa = PBXFileReference; lastKnownFileType = sourcecode.swift; path = WorldStore.swift; sourceTree = "<group>"; };
		B0FDA4F721BE216000AF1720 /* InMemoryNormalizedCache.swift */ = {isa = PBXFileReference; lastKnownFileType = sourcecode.swift; name = InMemoryNormalizedCache.swift; path = ../WorldAPI/WorldAPITests/InMemoryNormalizedCache.swift; sourceTree = "<group>"; };
		B0FDA4F921BE217200AF1720 /* InMemoryTestCacheProvider.swift */ = {isa = PBXFileReference; lastKnownFileType = sourcecode.swift; path = InMemoryTestCacheProvider.swift; sourceTree = "<group>"; };
		B0FDA4FB21BE218A00AF1720 /* MockNetworkTransport.swift */ = {isa = PBXFileReference; lastKnownFileType = sourcecode.swift; path = MockNetworkTransport.swift; sourceTree = "<group>"; };
		B0FDA4FD21BE232500AF1720 /* MockGraphQLQuery.swift */ = {isa = PBXFileReference; lastKnownFileType = sourcecode.swift; path = MockGraphQLQuery.swift; sourceTree = "<group>"; };
		D27C863FBBB56B7F70EE4137 /* Pods-ApolloUnitTestingDemoUITests.release.xcconfig */ = {isa = PBXFileReference; includeInIndex = 1; lastKnownFileType = text.xcconfig; name = "Pods-ApolloUnitTestingDemoUITests.release.xcconfig"; path = "Pods/Target Support Files/Pods-ApolloUnitTestingDemoUITests/Pods-ApolloUnitTestingDemoUITests.release.xcconfig"; sourceTree = "<group>"; };
		EB2C052A512BAC6826357CBA /* Pods-ApolloUnitTestingDemoUITests.debug.xcconfig */ = {isa = PBXFileReference; includeInIndex = 1; lastKnownFileType = text.xcconfig; name = "Pods-ApolloUnitTestingDemoUITests.debug.xcconfig"; path = "Pods/Target Support Files/Pods-ApolloUnitTestingDemoUITests/Pods-ApolloUnitTestingDemoUITests.debug.xcconfig"; sourceTree = "<group>"; };
		EFA83D2D32B7F25100294CC1 /* Pods-ApolloUnitTestingDemoTests.debug.xcconfig */ = {isa = PBXFileReference; includeInIndex = 1; lastKnownFileType = text.xcconfig; name = "Pods-ApolloUnitTestingDemoTests.debug.xcconfig"; path = "Pods/Target Support Files/Pods-ApolloUnitTestingDemoTests/Pods-ApolloUnitTestingDemoTests.debug.xcconfig"; sourceTree = "<group>"; };
		F76891C0D0E621EA65C99A02 /* Pods-ApolloUnitTestingDemoTests.release.xcconfig */ = {isa = PBXFileReference; includeInIndex = 1; lastKnownFileType = text.xcconfig; name = "Pods-ApolloUnitTestingDemoTests.release.xcconfig"; path = "Pods/Target Support Files/Pods-ApolloUnitTestingDemoTests/Pods-ApolloUnitTestingDemoTests.release.xcconfig"; sourceTree = "<group>"; };
		FD03B8BC32DE1479B1593824 /* Pods-ApolloUnitTestingDemo.debug.xcconfig */ = {isa = PBXFileReference; includeInIndex = 1; lastKnownFileType = text.xcconfig; name = "Pods-ApolloUnitTestingDemo.debug.xcconfig"; path = "Pods/Target Support Files/Pods-ApolloUnitTestingDemo/Pods-ApolloUnitTestingDemo.debug.xcconfig"; sourceTree = "<group>"; };
/* End PBXFileReference section */

/* Begin PBXFrameworksBuildPhase section */
		B023FCAD21BCE9FC0085472C /* Frameworks */ = {
			isa = PBXFrameworksBuildPhase;
			buildActionMask = 2147483647;
			files = (
				B048384F21BE34F300437896 /* WorldAPI.framework in Frameworks */,
				7A413E959A64487EDB0D077C /* Pods_ApolloUnitTestingDemo.framework in Frameworks */,
			);
			runOnlyForDeploymentPostprocessing = 0;
		};
		B023FCC121BCE9FF0085472C /* Frameworks */ = {
			isa = PBXFrameworksBuildPhase;
			buildActionMask = 2147483647;
			files = (
				D3C78E06EDE07B8EA1E111BB /* Pods_ApolloUnitTestingDemoTests.framework in Frameworks */,
			);
			runOnlyForDeploymentPostprocessing = 0;
		};
		B023FCCC21BCE9FF0085472C /* Frameworks */ = {
			isa = PBXFrameworksBuildPhase;
			buildActionMask = 2147483647;
			files = (
				D47C8B1C2E474FA86C8DBEAE /* Pods_ApolloUnitTestingDemoUITests.framework in Frameworks */,
			);
			runOnlyForDeploymentPostprocessing = 0;
		};
/* End PBXFrameworksBuildPhase section */

/* Begin PBXGroup section */
		293B3261E0AF196E4683C419 /* Pods */ = {
			isa = PBXGroup;
			children = (
				FD03B8BC32DE1479B1593824 /* Pods-ApolloUnitTestingDemo.debug.xcconfig */,
				91B413B15FAE151732E21D4D /* Pods-ApolloUnitTestingDemo.release.xcconfig */,
				EFA83D2D32B7F25100294CC1 /* Pods-ApolloUnitTestingDemoTests.debug.xcconfig */,
				F76891C0D0E621EA65C99A02 /* Pods-ApolloUnitTestingDemoTests.release.xcconfig */,
				EB2C052A512BAC6826357CBA /* Pods-ApolloUnitTestingDemoUITests.debug.xcconfig */,
				D27C863FBBB56B7F70EE4137 /* Pods-ApolloUnitTestingDemoUITests.release.xcconfig */,
			);
			name = Pods;
			sourceTree = "<group>";
		};
		306108C9AAF80B84D5259E36 /* Frameworks */ = {
			isa = PBXGroup;
			children = (
				B048384E21BE34F300437896 /* WorldAPI.framework */,
				054CC167CA1CF6CFF1F1E161 /* Pods_ApolloUnitTestingDemo.framework */,
				95C0249891DF1835CDAC2540 /* Pods_ApolloUnitTestingDemoTests.framework */,
				44F70418776BF90418BD687E /* Pods_ApolloUnitTestingDemoUITests.framework */,
			);
			name = Frameworks;
			sourceTree = "<group>";
		};
		B023FCA721BCE9FC0085472C = {
			isa = PBXGroup;
			children = (
				B023FCB221BCE9FC0085472C /* ApolloUnitTestingDemo */,
				B023FCC721BCE9FF0085472C /* ApolloUnitTestingDemoTests */,
				B023FCD221BCE9FF0085472C /* ApolloUnitTestingDemoUITests */,
				B023FCB121BCE9FC0085472C /* Products */,
				293B3261E0AF196E4683C419 /* Pods */,
				306108C9AAF80B84D5259E36 /* Frameworks */,
			);
			sourceTree = "<group>";
		};
		B023FCB121BCE9FC0085472C /* Products */ = {
			isa = PBXGroup;
			children = (
				B023FCB021BCE9FC0085472C /* ApolloUnitTestingDemo.app */,
				B023FCC421BCE9FF0085472C /* ApolloUnitTestingDemoTests.xctest */,
				B023FCCF21BCE9FF0085472C /* ApolloUnitTestingDemoUITests.xctest */,
			);
			name = Products;
			sourceTree = "<group>";
		};
		B023FCB221BCE9FC0085472C /* ApolloUnitTestingDemo */ = {
			isa = PBXGroup;
			children = (
				B023FCB321BCE9FC0085472C /* AppDelegate.swift */,
				B023FCB521BCE9FC0085472C /* ViewController.swift */,
				B023FCBA21BCE9FE0085472C /* Assets.xcassets */,
				B023FCBC21BCE9FE0085472C /* LaunchScreen.storyboard */,
				B023FCBF21BCE9FE0085472C /* Info.plist */,
				B0FDA4EE21BD872800AF1720 /* WorldStore.swift */,
			);
			path = ApolloUnitTestingDemo;
			sourceTree = "<group>";
		};
		B023FCC721BCE9FF0085472C /* ApolloUnitTestingDemoTests */ = {
			isa = PBXGroup;
			children = (
				B023FCCA21BCE9FF0085472C /* Info.plist */,
				B023FCC821BCE9FF0085472C /* ApolloUnitTestingDemoTests.swift */,
				B0FDA4F721BE216000AF1720 /* InMemoryNormalizedCache.swift */,
				B0FDA4F921BE217200AF1720 /* InMemoryTestCacheProvider.swift */,
				B0FDA4FB21BE218A00AF1720 /* MockNetworkTransport.swift */,
				B0FDA4FD21BE232500AF1720 /* MockGraphQLQuery.swift */,
			);
			path = ApolloUnitTestingDemoTests;
			sourceTree = "<group>";
		};
		B023FCD221BCE9FF0085472C /* ApolloUnitTestingDemoUITests */ = {
			isa = PBXGroup;
			children = (
				B023FCD321BCE9FF0085472C /* ApolloUnitTestingDemoUITests.swift */,
				B023FCD521BCE9FF0085472C /* Info.plist */,
			);
			path = ApolloUnitTestingDemoUITests;
			sourceTree = "<group>";
		};
/* End PBXGroup section */

/* Begin PBXNativeTarget section */
		B023FCAF21BCE9FC0085472C /* ApolloUnitTestingDemo */ = {
			isa = PBXNativeTarget;
			buildConfigurationList = B023FCD821BCE9FF0085472C /* Build configuration list for PBXNativeTarget "ApolloUnitTestingDemo" */;
			buildPhases = (
				7C8E50359AAEF9EE25512780 /* [CP] Check Pods Manifest.lock */,
				B023FCAC21BCE9FC0085472C /* Sources */,
				B023FCAD21BCE9FC0085472C /* Frameworks */,
				B023FCAE21BCE9FC0085472C /* Resources */,
				2529DECC960DA73D1AEAC947 /* [CP] Embed Pods Frameworks */,
			);
			buildRules = (
			);
			dependencies = (
			);
			name = ApolloUnitTestingDemo;
			productName = ApolloUnitTestingDemo;
			productReference = B023FCB021BCE9FC0085472C /* ApolloUnitTestingDemo.app */;
			productType = "com.apple.product-type.application";
		};
		B023FCC321BCE9FF0085472C /* ApolloUnitTestingDemoTests */ = {
			isa = PBXNativeTarget;
			buildConfigurationList = B023FCDB21BCE9FF0085472C /* Build configuration list for PBXNativeTarget "ApolloUnitTestingDemoTests" */;
			buildPhases = (
				B56F9D884E10C8C382C81945 /* [CP] Check Pods Manifest.lock */,
				B023FCC021BCE9FF0085472C /* Sources */,
				B023FCC121BCE9FF0085472C /* Frameworks */,
				B023FCC221BCE9FF0085472C /* Resources */,
			);
			buildRules = (
			);
			dependencies = (
				B023FCC621BCE9FF0085472C /* PBXTargetDependency */,
			);
			name = ApolloUnitTestingDemoTests;
			productName = ApolloUnitTestingDemoTests;
			productReference = B023FCC421BCE9FF0085472C /* ApolloUnitTestingDemoTests.xctest */;
			productType = "com.apple.product-type.bundle.unit-test";
		};
		B023FCCE21BCE9FF0085472C /* ApolloUnitTestingDemoUITests */ = {
			isa = PBXNativeTarget;
			buildConfigurationList = B023FCDE21BCE9FF0085472C /* Build configuration list for PBXNativeTarget "ApolloUnitTestingDemoUITests" */;
			buildPhases = (
				462AE8D96320D7A581F42D01 /* [CP] Check Pods Manifest.lock */,
				B023FCCB21BCE9FF0085472C /* Sources */,
				B023FCCC21BCE9FF0085472C /* Frameworks */,
				B023FCCD21BCE9FF0085472C /* Resources */,
			);
			buildRules = (
			);
			dependencies = (
				B023FCD121BCE9FF0085472C /* PBXTargetDependency */,
			);
			name = ApolloUnitTestingDemoUITests;
			productName = ApolloUnitTestingDemoUITests;
			productReference = B023FCCF21BCE9FF0085472C /* ApolloUnitTestingDemoUITests.xctest */;
			productType = "com.apple.product-type.bundle.ui-testing";
		};
/* End PBXNativeTarget section */

/* Begin PBXProject section */
		B023FCA821BCE9FC0085472C /* Project object */ = {
			isa = PBXProject;
			attributes = {
				LastSwiftUpdateCheck = 1010;
				LastUpgradeCheck = 1010;
				ORGANIZATIONNAME = "Alexander Murphy";
				TargetAttributes = {
					B023FCAF21BCE9FC0085472C = {
						CreatedOnToolsVersion = 10.1;
					};
					B023FCC321BCE9FF0085472C = {
						CreatedOnToolsVersion = 10.1;
						TestTargetID = B023FCAF21BCE9FC0085472C;
					};
					B023FCCE21BCE9FF0085472C = {
						CreatedOnToolsVersion = 10.1;
						TestTargetID = B023FCAF21BCE9FC0085472C;
					};
				};
			};
			buildConfigurationList = B023FCAB21BCE9FC0085472C /* Build configuration list for PBXProject "ApolloUnitTestingDemo" */;
			compatibilityVersion = "Xcode 9.3";
			developmentRegion = en;
			hasScannedForEncodings = 0;
			knownRegions = (
				en,
				Base,
			);
			mainGroup = B023FCA721BCE9FC0085472C;
			productRefGroup = B023FCB121BCE9FC0085472C /* Products */;
			projectDirPath = "";
			projectRoot = "";
			targets = (
				B023FCAF21BCE9FC0085472C /* ApolloUnitTestingDemo */,
				B023FCC321BCE9FF0085472C /* ApolloUnitTestingDemoTests */,
				B023FCCE21BCE9FF0085472C /* ApolloUnitTestingDemoUITests */,
			);
		};
/* End PBXProject section */

/* Begin PBXResourcesBuildPhase section */
		B023FCAE21BCE9FC0085472C /* Resources */ = {
			isa = PBXResourcesBuildPhase;
			buildActionMask = 2147483647;
			files = (
				B023FCBE21BCE9FE0085472C /* LaunchScreen.storyboard in Resources */,
				B023FCBB21BCE9FE0085472C /* Assets.xcassets in Resources */,
			);
			runOnlyForDeploymentPostprocessing = 0;
		};
		B023FCC221BCE9FF0085472C /* Resources */ = {
			isa = PBXResourcesBuildPhase;
			buildActionMask = 2147483647;
			files = (
			);
			runOnlyForDeploymentPostprocessing = 0;
		};
		B023FCCD21BCE9FF0085472C /* Resources */ = {
			isa = PBXResourcesBuildPhase;
			buildActionMask = 2147483647;
			files = (
			);
			runOnlyForDeploymentPostprocessing = 0;
		};
/* End PBXResourcesBuildPhase section */

/* Begin PBXShellScriptBuildPhase section */
		2529DECC960DA73D1AEAC947 /* [CP] Embed Pods Frameworks */ = {
			isa = PBXShellScriptBuildPhase;
			buildActionMask = 2147483647;
			files = (
			);
			inputFileListPaths = (
			);
			inputPaths = (
				"${SRCROOT}/Pods/Target Support Files/Pods-ApolloUnitTestingDemo/Pods-ApolloUnitTestingDemo-frameworks.sh",
				"${BUILT_PRODUCTS_DIR}/Result/Result.framework",
			);
			name = "[CP] Embed Pods Frameworks";
			outputFileListPaths = (
			);
			outputPaths = (
				"${TARGET_BUILD_DIR}/${FRAMEWORKS_FOLDER_PATH}/Result.framework",
			);
			runOnlyForDeploymentPostprocessing = 0;
			shellPath = /bin/sh;
			shellScript = "\"${SRCROOT}/Pods/Target Support Files/Pods-ApolloUnitTestingDemo/Pods-ApolloUnitTestingDemo-frameworks.sh\"\n";
			showEnvVarsInLog = 0;
		};
		462AE8D96320D7A581F42D01 /* [CP] Check Pods Manifest.lock */ = {
			isa = PBXShellScriptBuildPhase;
			buildActionMask = 2147483647;
			files = (
			);
			inputFileListPaths = (
			);
			inputPaths = (
				"${PODS_PODFILE_DIR_PATH}/Podfile.lock",
				"${PODS_ROOT}/Manifest.lock",
			);
			name = "[CP] Check Pods Manifest.lock";
			outputFileListPaths = (
			);
			outputPaths = (
				"$(DERIVED_FILE_DIR)/Pods-ApolloUnitTestingDemoUITests-checkManifestLockResult.txt",
			);
			runOnlyForDeploymentPostprocessing = 0;
			shellPath = /bin/sh;
			shellScript = "diff \"${PODS_PODFILE_DIR_PATH}/Podfile.lock\" \"${PODS_ROOT}/Manifest.lock\" > /dev/null\nif [ $? != 0 ] ; then\n    # print error to STDERR\n    echo \"error: The sandbox is not in sync with the Podfile.lock. Run 'pod install' or update your CocoaPods installation.\" >&2\n    exit 1\nfi\n# This output is used by Xcode 'outputs' to avoid re-running this script phase.\necho \"SUCCESS\" > \"${SCRIPT_OUTPUT_FILE_0}\"\n";
			showEnvVarsInLog = 0;
		};
		7C8E50359AAEF9EE25512780 /* [CP] Check Pods Manifest.lock */ = {
			isa = PBXShellScriptBuildPhase;
			buildActionMask = 2147483647;
			files = (
			);
			inputFileListPaths = (
			);
			inputPaths = (
				"${PODS_PODFILE_DIR_PATH}/Podfile.lock",
				"${PODS_ROOT}/Manifest.lock",
			);
			name = "[CP] Check Pods Manifest.lock";
			outputFileListPaths = (
			);
			outputPaths = (
				"$(DERIVED_FILE_DIR)/Pods-ApolloUnitTestingDemo-checkManifestLockResult.txt",
			);
			runOnlyForDeploymentPostprocessing = 0;
			shellPath = /bin/sh;
			shellScript = "diff \"${PODS_PODFILE_DIR_PATH}/Podfile.lock\" \"${PODS_ROOT}/Manifest.lock\" > /dev/null\nif [ $? != 0 ] ; then\n    # print error to STDERR\n    echo \"error: The sandbox is not in sync with the Podfile.lock. Run 'pod install' or update your CocoaPods installation.\" >&2\n    exit 1\nfi\n# This output is used by Xcode 'outputs' to avoid re-running this script phase.\necho \"SUCCESS\" > \"${SCRIPT_OUTPUT_FILE_0}\"\n";
			showEnvVarsInLog = 0;
		};
		B56F9D884E10C8C382C81945 /* [CP] Check Pods Manifest.lock */ = {
			isa = PBXShellScriptBuildPhase;
			buildActionMask = 2147483647;
			files = (
			);
			inputFileListPaths = (
			);
			inputPaths = (
				"${PODS_PODFILE_DIR_PATH}/Podfile.lock",
				"${PODS_ROOT}/Manifest.lock",
			);
			name = "[CP] Check Pods Manifest.lock";
			outputFileListPaths = (
			);
			outputPaths = (
				"$(DERIVED_FILE_DIR)/Pods-ApolloUnitTestingDemoTests-checkManifestLockResult.txt",
			);
			runOnlyForDeploymentPostprocessing = 0;
			shellPath = /bin/sh;
			shellScript = "diff \"${PODS_PODFILE_DIR_PATH}/Podfile.lock\" \"${PODS_ROOT}/Manifest.lock\" > /dev/null\nif [ $? != 0 ] ; then\n    # print error to STDERR\n    echo \"error: The sandbox is not in sync with the Podfile.lock. Run 'pod install' or update your CocoaPods installation.\" >&2\n    exit 1\nfi\n# This output is used by Xcode 'outputs' to avoid re-running this script phase.\necho \"SUCCESS\" > \"${SCRIPT_OUTPUT_FILE_0}\"\n";
			showEnvVarsInLog = 0;
		};
/* End PBXShellScriptBuildPhase section */

/* Begin PBXSourcesBuildPhase section */
		B023FCAC21BCE9FC0085472C /* Sources */ = {
			isa = PBXSourcesBuildPhase;
			buildActionMask = 2147483647;
			files = (
				B023FCB621BCE9FC0085472C /* ViewController.swift in Sources */,
				B0FDA4EF21BD872800AF1720 /* WorldStore.swift in Sources */,
				B023FCB421BCE9FC0085472C /* AppDelegate.swift in Sources */,
			);
			runOnlyForDeploymentPostprocessing = 0;
		};
		B023FCC021BCE9FF0085472C /* Sources */ = {
			isa = PBXSourcesBuildPhase;
			buildActionMask = 2147483647;
			files = (
				B0FDA4FE21BE232500AF1720 /* MockGraphQLQuery.swift in Sources */,
				B023FCC921BCE9FF0085472C /* ApolloUnitTestingDemoTests.swift in Sources */,
				B0FDA4FC21BE218A00AF1720 /* MockNetworkTransport.swift in Sources */,
				B0FDA4FA21BE217200AF1720 /* InMemoryTestCacheProvider.swift in Sources */,
				B0FDA4F821BE216000AF1720 /* InMemoryNormalizedCache.swift in Sources */,
			);
			runOnlyForDeploymentPostprocessing = 0;
		};
		B023FCCB21BCE9FF0085472C /* Sources */ = {
			isa = PBXSourcesBuildPhase;
			buildActionMask = 2147483647;
			files = (
				B023FCD421BCE9FF0085472C /* ApolloUnitTestingDemoUITests.swift in Sources */,
			);
			runOnlyForDeploymentPostprocessing = 0;
		};
/* End PBXSourcesBuildPhase section */

/* Begin PBXTargetDependency section */
		B023FCC621BCE9FF0085472C /* PBXTargetDependency */ = {
			isa = PBXTargetDependency;
			target = B023FCAF21BCE9FC0085472C /* ApolloUnitTestingDemo */;
			targetProxy = B023FCC521BCE9FF0085472C /* PBXContainerItemProxy */;
		};
		B023FCD121BCE9FF0085472C /* PBXTargetDependency */ = {
			isa = PBXTargetDependency;
			target = B023FCAF21BCE9FC0085472C /* ApolloUnitTestingDemo */;
			targetProxy = B023FCD021BCE9FF0085472C /* PBXContainerItemProxy */;
		};
/* End PBXTargetDependency section */

/* Begin PBXVariantGroup section */
		B023FCBC21BCE9FE0085472C /* LaunchScreen.storyboard */ = {
			isa = PBXVariantGroup;
			children = (
				B023FCBD21BCE9FE0085472C /* Base */,
			);
			name = LaunchScreen.storyboard;
			sourceTree = "<group>";
		};
/* End PBXVariantGroup section */

/* Begin XCBuildConfiguration section */
		B023FCD621BCE9FF0085472C /* Debug */ = {
			isa = XCBuildConfiguration;
			buildSettings = {
				ALWAYS_SEARCH_USER_PATHS = NO;
				CLANG_ANALYZER_NONNULL = YES;
				CLANG_ANALYZER_NUMBER_OBJECT_CONVERSION = YES_AGGRESSIVE;
				CLANG_CXX_LANGUAGE_STANDARD = "gnu++14";
				CLANG_CXX_LIBRARY = "libc++";
				CLANG_ENABLE_MODULES = YES;
				CLANG_ENABLE_OBJC_ARC = YES;
				CLANG_ENABLE_OBJC_WEAK = YES;
				CLANG_WARN_BLOCK_CAPTURE_AUTORELEASING = YES;
				CLANG_WARN_BOOL_CONVERSION = YES;
				CLANG_WARN_COMMA = YES;
				CLANG_WARN_CONSTANT_CONVERSION = YES;
				CLANG_WARN_DEPRECATED_OBJC_IMPLEMENTATIONS = YES;
				CLANG_WARN_DIRECT_OBJC_ISA_USAGE = YES_ERROR;
				CLANG_WARN_DOCUMENTATION_COMMENTS = YES;
				CLANG_WARN_EMPTY_BODY = YES;
				CLANG_WARN_ENUM_CONVERSION = YES;
				CLANG_WARN_INFINITE_RECURSION = YES;
				CLANG_WARN_INT_CONVERSION = YES;
				CLANG_WARN_NON_LITERAL_NULL_CONVERSION = YES;
				CLANG_WARN_OBJC_IMPLICIT_RETAIN_SELF = YES;
				CLANG_WARN_OBJC_LITERAL_CONVERSION = YES;
				CLANG_WARN_OBJC_ROOT_CLASS = YES_ERROR;
				CLANG_WARN_RANGE_LOOP_ANALYSIS = YES;
				CLANG_WARN_STRICT_PROTOTYPES = YES;
				CLANG_WARN_SUSPICIOUS_MOVE = YES;
				CLANG_WARN_UNGUARDED_AVAILABILITY = YES_AGGRESSIVE;
				CLANG_WARN_UNREACHABLE_CODE = YES;
				CLANG_WARN__DUPLICATE_METHOD_MATCH = YES;
				CODE_SIGN_IDENTITY = "iPhone Developer";
				COPY_PHASE_STRIP = NO;
				DEBUG_INFORMATION_FORMAT = dwarf;
				ENABLE_STRICT_OBJC_MSGSEND = YES;
				ENABLE_TESTABILITY = YES;
				GCC_C_LANGUAGE_STANDARD = gnu11;
				GCC_DYNAMIC_NO_PIC = NO;
				GCC_NO_COMMON_BLOCKS = YES;
				GCC_OPTIMIZATION_LEVEL = 0;
				GCC_PREPROCESSOR_DEFINITIONS = (
					"DEBUG=1",
					"$(inherited)",
				);
				GCC_WARN_64_TO_32_BIT_CONVERSION = YES;
				GCC_WARN_ABOUT_RETURN_TYPE = YES_ERROR;
				GCC_WARN_UNDECLARED_SELECTOR = YES;
				GCC_WARN_UNINITIALIZED_AUTOS = YES_AGGRESSIVE;
				GCC_WARN_UNUSED_FUNCTION = YES;
				GCC_WARN_UNUSED_VARIABLE = YES;
				IPHONEOS_DEPLOYMENT_TARGET = 12.1;
				MTL_ENABLE_DEBUG_INFO = INCLUDE_SOURCE;
				MTL_FAST_MATH = YES;
				ONLY_ACTIVE_ARCH = YES;
				SDKROOT = iphoneos;
				SWIFT_ACTIVE_COMPILATION_CONDITIONS = DEBUG;
				SWIFT_OPTIMIZATION_LEVEL = "-Onone";
			};
			name = Debug;
		};
		B023FCD721BCE9FF0085472C /* Release */ = {
			isa = XCBuildConfiguration;
			buildSettings = {
				ALWAYS_SEARCH_USER_PATHS = NO;
				CLANG_ANALYZER_NONNULL = YES;
				CLANG_ANALYZER_NUMBER_OBJECT_CONVERSION = YES_AGGRESSIVE;
				CLANG_CXX_LANGUAGE_STANDARD = "gnu++14";
				CLANG_CXX_LIBRARY = "libc++";
				CLANG_ENABLE_MODULES = YES;
				CLANG_ENABLE_OBJC_ARC = YES;
				CLANG_ENABLE_OBJC_WEAK = YES;
				CLANG_WARN_BLOCK_CAPTURE_AUTORELEASING = YES;
				CLANG_WARN_BOOL_CONVERSION = YES;
				CLANG_WARN_COMMA = YES;
				CLANG_WARN_CONSTANT_CONVERSION = YES;
				CLANG_WARN_DEPRECATED_OBJC_IMPLEMENTATIONS = YES;
				CLANG_WARN_DIRECT_OBJC_ISA_USAGE = YES_ERROR;
				CLANG_WARN_DOCUMENTATION_COMMENTS = YES;
				CLANG_WARN_EMPTY_BODY = YES;
				CLANG_WARN_ENUM_CONVERSION = YES;
				CLANG_WARN_INFINITE_RECURSION = YES;
				CLANG_WARN_INT_CONVERSION = YES;
				CLANG_WARN_NON_LITERAL_NULL_CONVERSION = YES;
				CLANG_WARN_OBJC_IMPLICIT_RETAIN_SELF = YES;
				CLANG_WARN_OBJC_LITERAL_CONVERSION = YES;
				CLANG_WARN_OBJC_ROOT_CLASS = YES_ERROR;
				CLANG_WARN_RANGE_LOOP_ANALYSIS = YES;
				CLANG_WARN_STRICT_PROTOTYPES = YES;
				CLANG_WARN_SUSPICIOUS_MOVE = YES;
				CLANG_WARN_UNGUARDED_AVAILABILITY = YES_AGGRESSIVE;
				CLANG_WARN_UNREACHABLE_CODE = YES;
				CLANG_WARN__DUPLICATE_METHOD_MATCH = YES;
				CODE_SIGN_IDENTITY = "iPhone Developer";
				COPY_PHASE_STRIP = NO;
				DEBUG_INFORMATION_FORMAT = "dwarf-with-dsym";
				ENABLE_NS_ASSERTIONS = NO;
				ENABLE_STRICT_OBJC_MSGSEND = YES;
				GCC_C_LANGUAGE_STANDARD = gnu11;
				GCC_NO_COMMON_BLOCKS = YES;
				GCC_WARN_64_TO_32_BIT_CONVERSION = YES;
				GCC_WARN_ABOUT_RETURN_TYPE = YES_ERROR;
				GCC_WARN_UNDECLARED_SELECTOR = YES;
				GCC_WARN_UNINITIALIZED_AUTOS = YES_AGGRESSIVE;
				GCC_WARN_UNUSED_FUNCTION = YES;
				GCC_WARN_UNUSED_VARIABLE = YES;
				IPHONEOS_DEPLOYMENT_TARGET = 12.1;
				MTL_ENABLE_DEBUG_INFO = NO;
				MTL_FAST_MATH = YES;
				SDKROOT = iphoneos;
				SWIFT_COMPILATION_MODE = wholemodule;
				SWIFT_OPTIMIZATION_LEVEL = "-O";
				VALIDATE_PRODUCT = YES;
			};
			name = Release;
		};
		B023FCD921BCE9FF0085472C /* Debug */ = {
			isa = XCBuildConfiguration;
			baseConfigurationReference = FD03B8BC32DE1479B1593824 /* Pods-ApolloUnitTestingDemo.debug.xcconfig */;
			buildSettings = {
				ASSETCATALOG_COMPILER_APPICON_NAME = AppIcon;
				CODE_SIGN_STYLE = Automatic;
				DEVELOPMENT_TEAM = 9L49SS68XP;
				INFOPLIST_FILE = ApolloUnitTestingDemo/Info.plist;
				LD_RUNPATH_SEARCH_PATHS = (
					"$(inherited)",
					"@executable_path/Frameworks",
				);
				PRODUCT_BUNDLE_IDENTIFIER = thexande.ApolloUnitTestingDemo;
				PRODUCT_NAME = "$(TARGET_NAME)";
				SWIFT_VERSION = 4.2;
				TARGETED_DEVICE_FAMILY = "1,2";
			};
			name = Debug;
		};
		B023FCDA21BCE9FF0085472C /* Release */ = {
			isa = XCBuildConfiguration;
			baseConfigurationReference = 91B413B15FAE151732E21D4D /* Pods-ApolloUnitTestingDemo.release.xcconfig */;
			buildSettings = {
				ASSETCATALOG_COMPILER_APPICON_NAME = AppIcon;
				CODE_SIGN_STYLE = Automatic;
				DEVELOPMENT_TEAM = 9L49SS68XP;
				INFOPLIST_FILE = ApolloUnitTestingDemo/Info.plist;
				LD_RUNPATH_SEARCH_PATHS = (
					"$(inherited)",
					"@executable_path/Frameworks",
				);
				PRODUCT_BUNDLE_IDENTIFIER = thexande.ApolloUnitTestingDemo;
				PRODUCT_NAME = "$(TARGET_NAME)";
				SWIFT_VERSION = 4.2;
				TARGETED_DEVICE_FAMILY = "1,2";
			};
			name = Release;
		};
		B023FCDC21BCE9FF0085472C /* Debug */ = {
			isa = XCBuildConfiguration;
			baseConfigurationReference = EFA83D2D32B7F25100294CC1 /* Pods-ApolloUnitTestingDemoTests.debug.xcconfig */;
			buildSettings = {
				ALWAYS_EMBED_SWIFT_STANDARD_LIBRARIES = YES;
				BUNDLE_LOADER = "$(TEST_HOST)";
				CODE_SIGN_STYLE = Automatic;
				DEVELOPMENT_TEAM = 9L49SS68XP;
				INFOPLIST_FILE = ApolloUnitTestingDemoTests/Info.plist;
				LD_RUNPATH_SEARCH_PATHS = (
					"$(inherited)",
					"@executable_path/Frameworks",
					"@loader_path/Frameworks",
				);
				PRODUCT_BUNDLE_IDENTIFIER = thexande.ApolloUnitTestingDemoTests;
				PRODUCT_NAME = "$(TARGET_NAME)";
				SWIFT_VERSION = 4.2;
				TARGETED_DEVICE_FAMILY = "1,2";
				TEST_HOST = "$(BUILT_PRODUCTS_DIR)/ApolloUnitTestingDemo.app/ApolloUnitTestingDemo";
			};
			name = Debug;
		};
		B023FCDD21BCE9FF0085472C /* Release */ = {
			isa = XCBuildConfiguration;
			baseConfigurationReference = F76891C0D0E621EA65C99A02 /* Pods-ApolloUnitTestingDemoTests.release.xcconfig */;
			buildSettings = {
				ALWAYS_EMBED_SWIFT_STANDARD_LIBRARIES = YES;
				BUNDLE_LOADER = "$(TEST_HOST)";
				CODE_SIGN_STYLE = Automatic;
				DEVELOPMENT_TEAM = 9L49SS68XP;
				INFOPLIST_FILE = ApolloUnitTestingDemoTests/Info.plist;
				LD_RUNPATH_SEARCH_PATHS = (
					"$(inherited)",
					"@executable_path/Frameworks",
					"@loader_path/Frameworks",
				);
				PRODUCT_BUNDLE_IDENTIFIER = thexande.ApolloUnitTestingDemoTests;
				PRODUCT_NAME = "$(TARGET_NAME)";
				SWIFT_VERSION = 4.2;
				TARGETED_DEVICE_FAMILY = "1,2";
				TEST_HOST = "$(BUILT_PRODUCTS_DIR)/ApolloUnitTestingDemo.app/ApolloUnitTestingDemo";
			};
			name = Release;
		};
		B023FCDF21BCE9FF0085472C /* Debug */ = {
			isa = XCBuildConfiguration;
			baseConfigurationReference = EB2C052A512BAC6826357CBA /* Pods-ApolloUnitTestingDemoUITests.debug.xcconfig */;
			buildSettings = {
				ALWAYS_EMBED_SWIFT_STANDARD_LIBRARIES = YES;
				CODE_SIGN_STYLE = Automatic;
				DEVELOPMENT_TEAM = 9L49SS68XP;
				INFOPLIST_FILE = ApolloUnitTestingDemoUITests/Info.plist;
				LD_RUNPATH_SEARCH_PATHS = (
					"$(inherited)",
					"@executable_path/Frameworks",
					"@loader_path/Frameworks",
				);
				PRODUCT_BUNDLE_IDENTIFIER = thexande.ApolloUnitTestingDemoUITests;
				PRODUCT_NAME = "$(TARGET_NAME)";
				SWIFT_VERSION = 4.2;
				TARGETED_DEVICE_FAMILY = "1,2";
				TEST_TARGET_NAME = ApolloUnitTestingDemo;
			};
			name = Debug;
		};
		B023FCE021BCE9FF0085472C /* Release */ = {
			isa = XCBuildConfiguration;
			baseConfigurationReference = D27C863FBBB56B7F70EE4137 /* Pods-ApolloUnitTestingDemoUITests.release.xcconfig */;
			buildSettings = {
				ALWAYS_EMBED_SWIFT_STANDARD_LIBRARIES = YES;
				CODE_SIGN_STYLE = Automatic;
				DEVELOPMENT_TEAM = 9L49SS68XP;
				INFOPLIST_FILE = ApolloUnitTestingDemoUITests/Info.plist;
				LD_RUNPATH_SEARCH_PATHS = (
					"$(inherited)",
					"@executable_path/Frameworks",
					"@loader_path/Frameworks",
				);
				PRODUCT_BUNDLE_IDENTIFIER = thexande.ApolloUnitTestingDemoUITests;
				PRODUCT_NAME = "$(TARGET_NAME)";
				SWIFT_VERSION = 4.2;
				TARGETED_DEVICE_FAMILY = "1,2";
				TEST_TARGET_NAME = ApolloUnitTestingDemo;
			};
			name = Release;
		};
/* End XCBuildConfiguration section */

/* Begin XCConfigurationList section */
		B023FCAB21BCE9FC0085472C /* Build configuration list for PBXProject "ApolloUnitTestingDemo" */ = {
			isa = XCConfigurationList;
			buildConfigurations = (
				B023FCD621BCE9FF0085472C /* Debug */,
				B023FCD721BCE9FF0085472C /* Release */,
			);
			defaultConfigurationIsVisible = 0;
			defaultConfigurationName = Release;
		};
		B023FCD821BCE9FF0085472C /* Build configuration list for PBXNativeTarget "ApolloUnitTestingDemo" */ = {
			isa = XCConfigurationList;
			buildConfigurations = (
				B023FCD921BCE9FF0085472C /* Debug */,
				B023FCDA21BCE9FF0085472C /* Release */,
			);
			defaultConfigurationIsVisible = 0;
			defaultConfigurationName = Release;
		};
		B023FCDB21BCE9FF0085472C /* Build configuration list for PBXNativeTarget "ApolloUnitTestingDemoTests" */ = {
			isa = XCConfigurationList;
			buildConfigurations = (
				B023FCDC21BCE9FF0085472C /* Debug */,
				B023FCDD21BCE9FF0085472C /* Release */,
			);
			defaultConfigurationIsVisible = 0;
			defaultConfigurationName = Release;
		};
		B023FCDE21BCE9FF0085472C /* Build configuration list for PBXNativeTarget "ApolloUnitTestingDemoUITests" */ = {
			isa = XCConfigurationList;
			buildConfigurations = (
				B023FCDF21BCE9FF0085472C /* Debug */,
				B023FCE021BCE9FF0085472C /* Release */,
			);
			defaultConfigurationIsVisible = 0;
			defaultConfigurationName = Release;
		};
/* End XCConfigurationList section */
	};
	rootObject = B023FCA821BCE9FC0085472C /* Project object */;
}
